# THIS IS AN AUTOGENERATED FILE. DO NOT EDIT THIS FILE DIRECTLY.
# yarn lockfile v1


"@babel/code-frame@^7.10.4", "@babel/code-frame@^7.12.11":
  version "7.12.11"
  resolved "https://registry.yarnpkg.com/@babel/code-frame/-/code-frame-7.12.11.tgz#f4ad435aa263db935b8f10f2c552d23fb716a63f"
  integrity sha512-Zt1yodBx1UcyiePMSkWnU4hPqhwq7hGi2nFL1LeA3EUl+q2LQx16MISgJ0+z7dnmgvP9QtIleuETGOiOH1RcIw==
  dependencies:
    "@babel/highlight" "^7.10.4"

"@babel/core@^7.12.10":
  version "7.12.10"
  resolved "https://registry.yarnpkg.com/@babel/core/-/core-7.12.10.tgz#b79a2e1b9f70ed3d84bbfb6d8c4ef825f606bccd"
  integrity sha512-eTAlQKq65zHfkHZV0sIVODCPGVgoo1HdBlbSLi9CqOzuZanMv2ihzY+4paiKr1mH+XmYESMAmJ/dpZ68eN6d8w==
  dependencies:
    "@babel/code-frame" "^7.10.4"
    "@babel/generator" "^7.12.10"
    "@babel/helper-module-transforms" "^7.12.1"
    "@babel/helpers" "^7.12.5"
    "@babel/parser" "^7.12.10"
    "@babel/template" "^7.12.7"
    "@babel/traverse" "^7.12.10"
    "@babel/types" "^7.12.10"
    convert-source-map "^1.7.0"
    debug "^4.1.0"
    gensync "^1.0.0-beta.1"
    json5 "^2.1.2"
    lodash "^4.17.19"
    semver "^5.4.1"
    source-map "^0.5.0"

"@babel/generator@^7.12.10", "@babel/generator@^7.12.11":
  version "7.12.11"
  resolved "https://registry.yarnpkg.com/@babel/generator/-/generator-7.12.11.tgz#98a7df7b8c358c9a37ab07a24056853016aba3af"
  integrity sha512-Ggg6WPOJtSi8yYQvLVjG8F/TlpWDlKx0OpS4Kt+xMQPs5OaGYWy+v1A+1TvxI6sAMGZpKWWoAQ1DaeQbImlItA==
  dependencies:
    "@babel/types" "^7.12.11"
    jsesc "^2.5.1"
    source-map "^0.5.0"

"@babel/helper-function-name@^7.12.11":
  version "7.12.11"
  resolved "https://registry.yarnpkg.com/@babel/helper-function-name/-/helper-function-name-7.12.11.tgz#1fd7738aee5dcf53c3ecff24f1da9c511ec47b42"
  integrity sha512-AtQKjtYNolKNi6nNNVLQ27CP6D9oFR6bq/HPYSizlzbp7uC1M59XJe8L+0uXjbIaZaUJF99ruHqVGiKXU/7ybA==
  dependencies:
    "@babel/helper-get-function-arity" "^7.12.10"
    "@babel/template" "^7.12.7"
    "@babel/types" "^7.12.11"

"@babel/helper-get-function-arity@^7.12.10":
  version "7.12.10"
  resolved "https://registry.yarnpkg.com/@babel/helper-get-function-arity/-/helper-get-function-arity-7.12.10.tgz#b158817a3165b5faa2047825dfa61970ddcc16cf"
  integrity sha512-mm0n5BPjR06wh9mPQaDdXWDoll/j5UpCAPl1x8fS71GHm7HA6Ua2V4ylG1Ju8lvcTOietbPNNPaSilKj+pj+Ag==
  dependencies:
    "@babel/types" "^7.12.10"

"@babel/helper-member-expression-to-functions@^7.12.7":
  version "7.12.7"
  resolved "https://registry.yarnpkg.com/@babel/helper-member-expression-to-functions/-/helper-member-expression-to-functions-7.12.7.tgz#aa77bd0396ec8114e5e30787efa78599d874a855"
  integrity sha512-DCsuPyeWxeHgh1Dus7APn7iza42i/qXqiFPWyBDdOFtvS581JQePsc1F/nD+fHrcswhLlRc2UpYS1NwERxZhHw==
  dependencies:
    "@babel/types" "^7.12.7"

"@babel/helper-module-imports@^7.12.1":
  version "7.12.5"
  resolved "https://registry.yarnpkg.com/@babel/helper-module-imports/-/helper-module-imports-7.12.5.tgz#1bfc0229f794988f76ed0a4d4e90860850b54dfb"
  integrity sha512-SR713Ogqg6++uexFRORf/+nPXMmWIn80TALu0uaFb+iQIUoR7bOC7zBWyzBs5b3tBBJXuyD0cRu1F15GyzjOWA==
  dependencies:
    "@babel/types" "^7.12.5"

"@babel/helper-module-transforms@^7.12.1":
  version "7.12.1"
  resolved "https://registry.yarnpkg.com/@babel/helper-module-transforms/-/helper-module-transforms-7.12.1.tgz#7954fec71f5b32c48e4b303b437c34453fd7247c"
  integrity sha512-QQzehgFAZ2bbISiCpmVGfiGux8YVFXQ0abBic2Envhej22DVXV9nCFaS5hIQbkyo1AdGb+gNME2TSh3hYJVV/w==
  dependencies:
    "@babel/helper-module-imports" "^7.12.1"
    "@babel/helper-replace-supers" "^7.12.1"
    "@babel/helper-simple-access" "^7.12.1"
    "@babel/helper-split-export-declaration" "^7.11.0"
    "@babel/helper-validator-identifier" "^7.10.4"
    "@babel/template" "^7.10.4"
    "@babel/traverse" "^7.12.1"
    "@babel/types" "^7.12.1"
    lodash "^4.17.19"

"@babel/helper-optimise-call-expression@^7.12.10":
  version "7.12.10"
  resolved "https://registry.yarnpkg.com/@babel/helper-optimise-call-expression/-/helper-optimise-call-expression-7.12.10.tgz#94ca4e306ee11a7dd6e9f42823e2ac6b49881e2d"
  integrity sha512-4tpbU0SrSTjjt65UMWSrUOPZTsgvPgGG4S8QSTNHacKzpS51IVWGDj0yCwyeZND/i+LSN2g/O63jEXEWm49sYQ==
  dependencies:
    "@babel/types" "^7.12.10"

"@babel/helper-plugin-utils@^7.10.4":
  version "7.10.4"
  resolved "https://registry.yarnpkg.com/@babel/helper-plugin-utils/-/helper-plugin-utils-7.10.4.tgz#2f75a831269d4f677de49986dff59927533cf375"
  integrity sha512-O4KCvQA6lLiMU9l2eawBPMf1xPP8xPfB3iEQw150hOVTqj/rfXz0ThTb4HEzqQfs2Bmo5Ay8BzxfzVtBrr9dVg==

"@babel/helper-replace-supers@^7.12.1":
  version "7.12.11"
  resolved "https://registry.yarnpkg.com/@babel/helper-replace-supers/-/helper-replace-supers-7.12.11.tgz#ea511658fc66c7908f923106dd88e08d1997d60d"
  integrity sha512-q+w1cqmhL7R0FNzth/PLLp2N+scXEK/L2AHbXUyydxp828F4FEa5WcVoqui9vFRiHDQErj9Zof8azP32uGVTRA==
  dependencies:
    "@babel/helper-member-expression-to-functions" "^7.12.7"
    "@babel/helper-optimise-call-expression" "^7.12.10"
    "@babel/traverse" "^7.12.10"
    "@babel/types" "^7.12.11"

"@babel/helper-simple-access@^7.12.1":
  version "7.12.1"
  resolved "https://registry.yarnpkg.com/@babel/helper-simple-access/-/helper-simple-access-7.12.1.tgz#32427e5aa61547d38eb1e6eaf5fd1426fdad9136"
  integrity sha512-OxBp7pMrjVewSSC8fXDFrHrBcJATOOFssZwv16F3/6Xtc138GHybBfPbm9kfiqQHKhYQrlamWILwlDCeyMFEaA==
  dependencies:
    "@babel/types" "^7.12.1"

"@babel/helper-split-export-declaration@^7.11.0", "@babel/helper-split-export-declaration@^7.12.11":
  version "7.12.11"
  resolved "https://registry.yarnpkg.com/@babel/helper-split-export-declaration/-/helper-split-export-declaration-7.12.11.tgz#1b4cc424458643c47d37022223da33d76ea4603a"
  integrity sha512-LsIVN8j48gHgwzfocYUSkO/hjYAOJqlpJEc7tGXcIm4cubjVUf8LGW6eWRyxEu7gA25q02p0rQUWoCI33HNS5g==
  dependencies:
    "@babel/types" "^7.12.11"

"@babel/helper-validator-identifier@^7.10.4", "@babel/helper-validator-identifier@^7.12.11":
  version "7.12.11"
  resolved "https://registry.yarnpkg.com/@babel/helper-validator-identifier/-/helper-validator-identifier-7.12.11.tgz#c9a1f021917dcb5ccf0d4e453e399022981fc9ed"
  integrity sha512-np/lG3uARFybkoHokJUmf1QfEvRVCPbmQeUQpKow5cQ3xWrV9i3rUHodKDJPQfTVX61qKi+UdYk8kik84n7XOw==

"@babel/helpers@^7.12.5":
  version "7.12.5"
  resolved "https://registry.yarnpkg.com/@babel/helpers/-/helpers-7.12.5.tgz#1a1ba4a768d9b58310eda516c449913fe647116e"
  integrity sha512-lgKGMQlKqA8meJqKsW6rUnc4MdUk35Ln0ATDqdM1a/UpARODdI4j5Y5lVfUScnSNkJcdCRAaWkspykNoFg9sJA==
  dependencies:
    "@babel/template" "^7.10.4"
    "@babel/traverse" "^7.12.5"
    "@babel/types" "^7.12.5"

"@babel/highlight@^7.10.4":
  version "7.10.4"
  resolved "https://registry.yarnpkg.com/@babel/highlight/-/highlight-7.10.4.tgz#7d1bdfd65753538fabe6c38596cdb76d9ac60143"
  integrity sha512-i6rgnR/YgPEQzZZnbTHHuZdlE8qyoBNalD6F+q4vAFlcMEcqmkoG+mPqJYJCo63qPf74+Y1UZsl3l6f7/RIkmA==
  dependencies:
    "@babel/helper-validator-identifier" "^7.10.4"
    chalk "^2.0.0"
    js-tokens "^4.0.0"

"@babel/parser@^7.12.10", "@babel/parser@^7.12.11", "@babel/parser@^7.12.7":
  version "7.12.11"
  resolved "https://registry.yarnpkg.com/@babel/parser/-/parser-7.12.11.tgz#9ce3595bcd74bc5c466905e86c535b8b25011e79"
  integrity sha512-N3UxG+uuF4CMYoNj8AhnbAcJF0PiuJ9KHuy1lQmkYsxTer/MAH9UBNHsBoAX/4s6NvlDD047No8mYVGGzLL4hg==

"@babel/plugin-syntax-import-meta@^7.10.4":
  version "7.10.4"
  resolved "https://registry.yarnpkg.com/@babel/plugin-syntax-import-meta/-/plugin-syntax-import-meta-7.10.4.tgz#ee601348c370fa334d2207be158777496521fd51"
  integrity sha512-Yqfm+XDx0+Prh3VSeEQCPU81yC+JWZ2pDPFSS4ZdpfZhp4MkFMaDC1UqseovEKwSUpnIL7+vK+Clp7bfh0iD7g==
  dependencies:
    "@babel/helper-plugin-utils" "^7.10.4"

"@babel/template@^7.10.4", "@babel/template@^7.12.7":
  version "7.12.7"
  resolved "https://registry.yarnpkg.com/@babel/template/-/template-7.12.7.tgz#c817233696018e39fbb6c491d2fb684e05ed43bc"
  integrity sha512-GkDzmHS6GV7ZeXfJZ0tLRBhZcMcY0/Lnb+eEbXDBfCAcZCjrZKe6p3J4we/D24O9Y8enxWAg1cWwof59yLh2ow==
  dependencies:
    "@babel/code-frame" "^7.10.4"
    "@babel/parser" "^7.12.7"
    "@babel/types" "^7.12.7"

"@babel/traverse@^7.12.1", "@babel/traverse@^7.12.10", "@babel/traverse@^7.12.5":
  version "7.12.12"
  resolved "https://registry.yarnpkg.com/@babel/traverse/-/traverse-7.12.12.tgz#d0cd87892704edd8da002d674bc811ce64743376"
  integrity sha512-s88i0X0lPy45RrLM8b9mz8RPH5FqO9G9p7ti59cToE44xFm1Q+Pjh5Gq4SXBbtb88X7Uy7pexeqRIQDDMNkL0w==
  dependencies:
    "@babel/code-frame" "^7.12.11"
    "@babel/generator" "^7.12.11"
    "@babel/helper-function-name" "^7.12.11"
    "@babel/helper-split-export-declaration" "^7.12.11"
    "@babel/parser" "^7.12.11"
    "@babel/types" "^7.12.12"
    debug "^4.1.0"
    globals "^11.1.0"
    lodash "^4.17.19"

"@babel/types@^7.12.1", "@babel/types@^7.12.10", "@babel/types@^7.12.11", "@babel/types@^7.12.12", "@babel/types@^7.12.5", "@babel/types@^7.12.7":
  version "7.12.12"
  resolved "https://registry.yarnpkg.com/@babel/types/-/types-7.12.12.tgz#4608a6ec313abbd87afa55004d373ad04a96c299"
  integrity sha512-lnIX7piTxOH22xE7fDXDbSHg9MM1/6ORnafpJmov5rs0kX5g4BZxeXNJLXsMRiO0U5Rb8/FvMS6xlTnTHvxonQ==
  dependencies:
    "@babel/helper-validator-identifier" "^7.12.11"
    lodash "^4.17.19"
    to-fast-properties "^2.0.0"

"@pixi/accessibility@5.3.7":
  version "5.3.7"
  resolved "https://registry.yarnpkg.com/@pixi/accessibility/-/accessibility-5.3.7.tgz#a9ca9c7c04925014af4b137b38dd8b77b208e603"
  integrity sha512-104qzGZWnA/cQUH48jTiCXKGqOCfOqZAHmVg1z0p5l5tnzVX5zUQDBJxt4AAIPguZZe1YkniealwO1WGz0yBgA==
  dependencies:
    "@pixi/core" "5.3.7"
    "@pixi/display" "5.3.7"
    "@pixi/utils" "5.3.7"

"@pixi/app@5.3.7":
  version "5.3.7"
  resolved "https://registry.yarnpkg.com/@pixi/app/-/app-5.3.7.tgz#1a469dcdb9a3746d98eb58f2f7fa3e0951880a82"
  integrity sha512-xlXxMGiGGmOA154SyltOQ2ZfPEtErzXl8GOxXJJJBxmIfvCQa+Y6iO5jf4q7yNbpSbrfaeIrYUnNbJAViiACzg==
  dependencies:
    "@pixi/core" "5.3.7"
    "@pixi/display" "5.3.7"

"@pixi/constants@5.3.7":
  version "5.3.7"
  resolved "https://registry.yarnpkg.com/@pixi/constants/-/constants-5.3.7.tgz#a2e1789a98deb3713cfcb3eba3db84588bc9161e"
  integrity sha512-MBcgIM/mSqonFezkCI9080IqNlc0wb8S9QJ5otBdseOWUQa/ua2jF7Jd1sCBGmi0IzS9/NOHFXzZVTdS7AC7Ow==

"@pixi/core@5.3.7":
  version "5.3.7"
  resolved "https://registry.yarnpkg.com/@pixi/core/-/core-5.3.7.tgz#a8d65ca17f0c4ef8c0c5a22d31b9e02a4ab73b93"
  integrity sha512-WBhU2f5aJSVVaFP55FFBFKjKlRf5fYGxgA/U3kD4yD4Y3d3d6V3MIZv+o0VX+kBs1Eq7ePZqEv2smDrlzzMEjQ==
  dependencies:
    "@pixi/constants" "5.3.7"
    "@pixi/math" "5.3.7"
    "@pixi/runner" "5.3.7"
    "@pixi/settings" "5.3.7"
    "@pixi/ticker" "5.3.7"
    "@pixi/utils" "5.3.7"

"@pixi/display@5.3.7":
  version "5.3.7"
  resolved "https://registry.yarnpkg.com/@pixi/display/-/display-5.3.7.tgz#b661d2ecfd2a67f213665a0698acd29e17eee8fe"
  integrity sha512-ma1JyLe5vaEgmaOR+anvj5YOKqT9OEWnboIe7NVmwGF1CZ7JFnB12rsRulHUsSaFG9bP5xjvroAZjFg/WvyGLw==
  dependencies:
    "@pixi/math" "5.3.7"
    "@pixi/settings" "5.3.7"
    "@pixi/utils" "5.3.7"

"@pixi/extract@5.3.7":
  version "5.3.7"
  resolved "https://registry.yarnpkg.com/@pixi/extract/-/extract-5.3.7.tgz#2f32b804d90621ad3187e4ae7fb959d19b3959f1"
  integrity sha512-xQ5hYFIdxQTjNWwtwsjIK0DjbGLlUl92rIj5yvNJFiJvRjZ8IfvtIaM5uwjhiY2U9q3fDLFgb8EiNfmdDc78xQ==
  dependencies:
    "@pixi/core" "5.3.7"
    "@pixi/math" "5.3.7"
    "@pixi/utils" "5.3.7"

"@pixi/filter-alpha@5.3.7":
  version "5.3.7"
  resolved "https://registry.yarnpkg.com/@pixi/filter-alpha/-/filter-alpha-5.3.7.tgz#e979db57e9ee47b84d0900e5f9767b8632426fb4"
  integrity sha512-jkvbzmSCIPjCJMFNUocAxsZ7Cq3ssFwXnmXNYKYhJy01LxiyO/JbVDAxAD7Chyn5jbKsI21OV3UQaIJhFpXw7Q==
  dependencies:
    "@pixi/core" "5.3.7"

"@pixi/filter-blur@5.3.7":
  version "5.3.7"
  resolved "https://registry.yarnpkg.com/@pixi/filter-blur/-/filter-blur-5.3.7.tgz#7eee3559704b280e8588c2fc9e8d912aac80f8a9"
  integrity sha512-xM+Zz2i2UCmY7oHBPlGaN2ImhCY4l/V8NFc8FNSUIHm8NXHJ4/VCQpXp9BFTjY1+GZExFLkqB8kIYEddGVFiLA==
  dependencies:
    "@pixi/core" "5.3.7"
    "@pixi/settings" "5.3.7"

"@pixi/filter-color-matrix@5.3.7":
  version "5.3.7"
  resolved "https://registry.yarnpkg.com/@pixi/filter-color-matrix/-/filter-color-matrix-5.3.7.tgz#230cafe46bde36e25441b13f3ac5dd8e8fee4311"
  integrity sha512-Z12cxoHx9uMh3CZ0PLVRzsaFHHF/CfU3J83KI9k+Bg/DFOh/J/5EToCd44jYJbMKp3nvXcO1EJyZ3wwC/IsyfQ==
  dependencies:
    "@pixi/core" "5.3.7"

"@pixi/filter-displacement@5.3.7":
  version "5.3.7"
  resolved "https://registry.yarnpkg.com/@pixi/filter-displacement/-/filter-displacement-5.3.7.tgz#4364d5514221c4a03950b67795cebd1b34dca401"
  integrity sha512-akMVkAHqliQujveiJ5KBMuwh/JVGN37NQsD8n1XbDDSe6SKjpX0kaq2Bh2Xu9pPj3+Jhofy0sI65q2M8qs2Uog==
  dependencies:
    "@pixi/core" "5.3.7"
    "@pixi/math" "5.3.7"

"@pixi/filter-fxaa@5.3.7":
  version "5.3.7"
  resolved "https://registry.yarnpkg.com/@pixi/filter-fxaa/-/filter-fxaa-5.3.7.tgz#55b778fbc60fd87f16d17d66a36b122e2f5c3b57"
  integrity sha512-NJpVcbOCUVYUDGqxvh7Jp/+arWEnLKgI/7Qf8VEYv0aQslqE8ZtFSAX7JfP+iGfFWXlkMe6AKspesYhUrIpRKg==
  dependencies:
    "@pixi/core" "5.3.7"

"@pixi/filter-noise@5.3.7":
  version "5.3.7"
  resolved "https://registry.yarnpkg.com/@pixi/filter-noise/-/filter-noise-5.3.7.tgz#70e638f5d6ebc4b62b4c67f2de939a7fa900d7a5"
  integrity sha512-P0mVQR2J7GHujVcq0iiuD2/1yvmue7orpppa5iuNHoOMT+vZpO0hdCKTg5vm5ZcWnHrOwtvv8zYngnT9rLdCtw==
  dependencies:
    "@pixi/core" "5.3.7"

"@pixi/graphics@5.3.7":
  version "5.3.7"
  resolved "https://registry.yarnpkg.com/@pixi/graphics/-/graphics-5.3.7.tgz#36ae80e2508e0a9c61ce454807d517d370d90a74"
  integrity sha512-+6+bT/AC29a1Hw5XDxsH1UqBsXSqcna7wNTTrBQ02owotIJtyRc6w48f5qxzhxycumyVCR87IV5tAtdwX3xhag==
  dependencies:
    "@pixi/constants" "5.3.7"
    "@pixi/core" "5.3.7"
    "@pixi/display" "5.3.7"
    "@pixi/math" "5.3.7"
    "@pixi/sprite" "5.3.7"
    "@pixi/utils" "5.3.7"

"@pixi/interaction@5.3.7":
  version "5.3.7"
  resolved "https://registry.yarnpkg.com/@pixi/interaction/-/interaction-5.3.7.tgz#dd4d7b43fc266c9b0e8994f4f05cb9f73438b586"
  integrity sha512-B+5suog6fo8tJclTIO1Nn0HikyXQ9OWQGmTiYUnDVDriX5dGujh79RpcL51HFQ/2Gs2Gt0rl3AfP9OsCLe7VPA==
  dependencies:
    "@pixi/core" "5.3.7"
    "@pixi/display" "5.3.7"
    "@pixi/math" "5.3.7"
    "@pixi/ticker" "5.3.7"
    "@pixi/utils" "5.3.7"

"@pixi/loaders@5.3.7":
  version "5.3.7"
  resolved "https://registry.yarnpkg.com/@pixi/loaders/-/loaders-5.3.7.tgz#7231106d8d490d9ca230df7a07a53e1e4d412163"
  integrity sha512-zwWgvhUz7l5Z3me5gT1XbJzmj4bnz176PnawoUdlRxNARnMW3Rsk7Egzu8atWhJUL+MWEv+t8KkyHRXG39q5FA==
  dependencies:
    "@pixi/core" "5.3.7"
    "@pixi/utils" "5.3.7"
    resource-loader "^3.0.1"

"@pixi/math@5.3.7":
  version "5.3.7"
  resolved "https://registry.yarnpkg.com/@pixi/math/-/math-5.3.7.tgz#066e7ea149fd38db8d8a9584aac5f41d02b36bdd"
  integrity sha512-WnjUwX7rkxR36F0xknpsNd9BsfQosV0BbyFE0Il88IURBM3Tu9X4tC7RGJDgWU+aXw23HgHu0j+MWJrCVCM2fA==

"@pixi/mesh-extras@5.3.7":
  version "5.3.7"
  resolved "https://registry.yarnpkg.com/@pixi/mesh-extras/-/mesh-extras-5.3.7.tgz#e4ab9e4b0cb05606a621cacd6d37d472067c6041"
  integrity sha512-txVo2yk935gLgvlwO/ODUuz0wHUZtc9AK0sOQbbD9rh1TUdZ9OYrRvqshItLC34EimmAfgOsyzT78zeUTaP1OA==
  dependencies:
    "@pixi/constants" "5.3.7"
    "@pixi/core" "5.3.7"
    "@pixi/math" "5.3.7"
    "@pixi/mesh" "5.3.7"
    "@pixi/utils" "5.3.7"

"@pixi/mesh@5.3.7":
  version "5.3.7"
  resolved "https://registry.yarnpkg.com/@pixi/mesh/-/mesh-5.3.7.tgz#9de12a6404abdd17fe14c08d2bbe163bdf72bb9a"
  integrity sha512-7K5Ba3+t0rBAfZeuQi7nem0DgVH9GNhRvZ8HYbhPs5XVI7yZZhUN4HpUMy7gYEnz8EbXqwUz20X4ham/0O9WsQ==
  dependencies:
    "@pixi/constants" "5.3.7"
    "@pixi/core" "5.3.7"
    "@pixi/display" "5.3.7"
    "@pixi/math" "5.3.7"
    "@pixi/settings" "5.3.7"
    "@pixi/utils" "5.3.7"

"@pixi/mixin-cache-as-bitmap@5.3.7":
  version "5.3.7"
  resolved "https://registry.yarnpkg.com/@pixi/mixin-cache-as-bitmap/-/mixin-cache-as-bitmap-5.3.7.tgz#2a30fc3f552f7a0a51bd0fe5a6e937132a5fff52"
  integrity sha512-UEP1PVEEqgWs8vUx/GvOiQ4r130NDLQoD9i5YA1i5BGml2UmNyrFlIh8N9hVAPiIpTIpECkU6nLakP7t6fm9zA==
  dependencies:
    "@pixi/core" "5.3.7"
    "@pixi/display" "5.3.7"
    "@pixi/math" "5.3.7"
    "@pixi/settings" "5.3.7"
    "@pixi/sprite" "5.3.7"
    "@pixi/utils" "5.3.7"

"@pixi/mixin-get-child-by-name@5.3.7":
  version "5.3.7"
  resolved "https://registry.yarnpkg.com/@pixi/mixin-get-child-by-name/-/mixin-get-child-by-name-5.3.7.tgz#49c5aa84840bf09e2c089011665407e8c1a3466e"
  integrity sha512-KiWirq5HpLKrAsShdZx0+RwNwY6nO5cM+Wqq59n11xTgvUoNULiptZRePQR5rOIsLIcwNtro/2LWPj1UzbJHbg==
  dependencies:
    "@pixi/display" "5.3.7"

"@pixi/mixin-get-global-position@5.3.7":
  version "5.3.7"
  resolved "https://registry.yarnpkg.com/@pixi/mixin-get-global-position/-/mixin-get-global-position-5.3.7.tgz#68c0167054abbac01ecd10275212f5b9afe049bf"
  integrity sha512-OIXi+m611GVH1dVAc5YdiMC55Bbjf0JmesiB+6/gMzrjKxW/YDAA5ZRVri75hmRedHA8LPflf+i0pO10mrGP8g==
  dependencies:
    "@pixi/display" "5.3.7"
    "@pixi/math" "5.3.7"

"@pixi/particles@5.3.7":
  version "5.3.7"
  resolved "https://registry.yarnpkg.com/@pixi/particles/-/particles-5.3.7.tgz#9f0500b818f20af8e9338fee24c1c33530dfa925"
  integrity sha512-mEnBljvBVbKuUJVZ0oH9dP/k7qsHEHUlvfBQgLOSkd6viHlx3PoSPKOYm35+I6fAylkV0Xm9+j5v/IESuip2RQ==
  dependencies:
    "@pixi/constants" "5.3.7"
    "@pixi/core" "5.3.7"
    "@pixi/display" "5.3.7"
    "@pixi/math" "5.3.7"
    "@pixi/utils" "5.3.7"

"@pixi/polyfill@5.3.7":
  version "5.3.7"
  resolved "https://registry.yarnpkg.com/@pixi/polyfill/-/polyfill-5.3.7.tgz#eb43ef1eefc7967bf8d44f704677c19adfdc539c"
  integrity sha512-qU23xdb/e4Qvze0TWVy4fNZ0nlABIEZmuLu5nI9SpgfIYtjd2tZo7ngCXU5mZHxW1/xvkAMJEHCsSszotzF9xQ==
  dependencies:
    es6-promise-polyfill "^1.2.0"
    object-assign "^4.1.1"

"@pixi/prepare@5.3.7":
  version "5.3.7"
  resolved "https://registry.yarnpkg.com/@pixi/prepare/-/prepare-5.3.7.tgz#00916a56c61d8349be47937a9b384f3cf90157ca"
  integrity sha512-saU+o202vA3U2HVMYvh5aB2RJmP4hR//J22QuRfGen/ukM5mApOroJ445Id2+kSvis0M+UeFUKfBGWDzitr19Q==
  dependencies:
    "@pixi/core" "5.3.7"
    "@pixi/display" "5.3.7"
    "@pixi/graphics" "5.3.7"
    "@pixi/settings" "5.3.7"
    "@pixi/text" "5.3.7"
    "@pixi/ticker" "5.3.7"

"@pixi/runner@5.3.7":
  version "5.3.7"
  resolved "https://registry.yarnpkg.com/@pixi/runner/-/runner-5.3.7.tgz#78ed2c92b392b8c099d2e4557dded7faa921446b"
  integrity sha512-kt5apNb21HAvpBaDaPRs33k2O0VzrKe13w4we8iftCpXX8w68ErAY1lH68vmtDNrxnlHg4M9nRgEoMeiHlo2RA==

"@pixi/settings@5.3.7":
  version "5.3.7"
  resolved "https://registry.yarnpkg.com/@pixi/settings/-/settings-5.3.7.tgz#b661883231bf2a1ff5260c214bd0c4b438759841"
  integrity sha512-g6AoRSGWxU34gtKSQwX2AMQoLUv86L/5iIXRsqo+X4bfUSCenTci1X7ueVrSIbo39dxh6IOpriZF2Yk3TeHG5w==
  dependencies:
    ismobilejs "^1.1.0"

"@pixi/sprite-animated@5.3.7":
  version "5.3.7"
  resolved "https://registry.yarnpkg.com/@pixi/sprite-animated/-/sprite-animated-5.3.7.tgz#94e6d7657cd133a8953e476bd24e18cbfab6a978"
  integrity sha512-CSXTSwH/UUcTe5637AD35OCETQO+tDkmlr6e1/eIyUlgOsPkbjo+l134feLZtZudiPHTPyb/YAYIlgPfVr7MGw==
  dependencies:
    "@pixi/core" "5.3.7"
    "@pixi/sprite" "5.3.7"
    "@pixi/ticker" "5.3.7"

"@pixi/sprite-tiling@5.3.7":
  version "5.3.7"
  resolved "https://registry.yarnpkg.com/@pixi/sprite-tiling/-/sprite-tiling-5.3.7.tgz#f4ec4cd205ff7ecebe636062ea27f7a139fb8e22"
  integrity sha512-0BMLQGniJF1HvfyrJVe5jC8ayBpTh19dAHJIQWGp8zxxFh/WHjR1b32BN74rDjxQQSjZjV8vBNio8J3W+yDttw==
  dependencies:
    "@pixi/constants" "5.3.7"
    "@pixi/core" "5.3.7"
    "@pixi/display" "5.3.7"
    "@pixi/math" "5.3.7"
    "@pixi/sprite" "5.3.7"
    "@pixi/utils" "5.3.7"

"@pixi/sprite@5.3.7":
  version "5.3.7"
  resolved "https://registry.yarnpkg.com/@pixi/sprite/-/sprite-5.3.7.tgz#c6edf3d4a9928868696b62e35a60ded27d167058"
  integrity sha512-Bjl+NOOvigEzUsm1cDr1KmBUpPSWO8pDXpUPTi+v2N75gwRfTycmj5f2TU0QmMW3Gc6sv0CB0AkL7dkMPwPb8g==
  dependencies:
    "@pixi/constants" "5.3.7"
    "@pixi/core" "5.3.7"
    "@pixi/display" "5.3.7"
    "@pixi/math" "5.3.7"
    "@pixi/settings" "5.3.7"
    "@pixi/utils" "5.3.7"

"@pixi/spritesheet@5.3.7":
  version "5.3.7"
  resolved "https://registry.yarnpkg.com/@pixi/spritesheet/-/spritesheet-5.3.7.tgz#826b84c8220ca41c3eba201f453d42394d4da562"
  integrity sha512-K1Befbrq3LDbFtnLmbk54QQ/YRk2Mgd+2iOkZx5KsS2pTh1va/GM9FbpO9aZgsEu8Eq76QPxyR8nRqygyMRSuQ==
  dependencies:
    "@pixi/core" "5.3.7"
    "@pixi/loaders" "5.3.7"
    "@pixi/math" "5.3.7"
    "@pixi/utils" "5.3.7"

"@pixi/text-bitmap@5.3.7":
  version "5.3.7"
  resolved "https://registry.yarnpkg.com/@pixi/text-bitmap/-/text-bitmap-5.3.7.tgz#736b489424c6e9c26c2907356e2d70e1ae2cb292"
  integrity sha512-LWXgxyMgBAldHA6Swx0irAISCMEyDEcZV7YxBoBpSDnV8ybtZP4fSgtj6vlpnrttKcnXFEcGokOuC3vSdEs39g==
  dependencies:
    "@pixi/core" "5.3.7"
    "@pixi/display" "5.3.7"
    "@pixi/loaders" "5.3.7"
    "@pixi/math" "5.3.7"
    "@pixi/mesh" "5.3.7"
    "@pixi/settings" "5.3.7"
    "@pixi/text" "5.3.7"
    "@pixi/utils" "5.3.7"

"@pixi/text@5.3.7":
  version "5.3.7"
  resolved "https://registry.yarnpkg.com/@pixi/text/-/text-5.3.7.tgz#cb71b2576bdc1f66fb79977d281f9575dd06d3d5"
  integrity sha512-WVAc31MDgHTvP0dJNWsvLVJhjeVGZ3NrLpHcH9iIAd6HVO5Z+i+fk4zvodD+Y7jWU0psx8ZD8xe1wy8ECfbCBA==
  dependencies:
    "@pixi/core" "5.3.7"
    "@pixi/math" "5.3.7"
    "@pixi/settings" "5.3.7"
    "@pixi/sprite" "5.3.7"
    "@pixi/utils" "5.3.7"

"@pixi/ticker@5.3.7":
  version "5.3.7"
  resolved "https://registry.yarnpkg.com/@pixi/ticker/-/ticker-5.3.7.tgz#c331b270042d507fe18543ae435a9a857a8fd5ae"
  integrity sha512-ZEXiJwPtuPeWa0QmRODF5qK0+ugZu/xeq7QxCvFOCc3NFVBeGms4g92HPucOju9R7jcODIoJxtICALsuwLAr9w==
  dependencies:
    "@pixi/settings" "5.3.7"

"@pixi/utils@5.3.7":
  version "5.3.7"
  resolved "https://registry.yarnpkg.com/@pixi/utils/-/utils-5.3.7.tgz#55fe2a2fbf0fba842da5a602576ce68c498e7e16"
  integrity sha512-f8zAeHHURxfwBr8MZiXEIwY2h9wbS6vN0ypvapGvKFOexZ1EInTs35FhEiRWzLEPLHyn1RgCdKzR2zl++E4tIw==
  dependencies:
    "@pixi/constants" "5.3.7"
    "@pixi/settings" "5.3.7"
    earcut "^2.1.5"
    eventemitter3 "^3.1.0"
    url "^0.11.0"

"@types/prop-types@*":
  version "15.7.3"
  resolved "https://registry.yarnpkg.com/@types/prop-types/-/prop-types-15.7.3.tgz#2ab0d5da2e5815f94b0b9d4b95d1e5f243ab2ca7"
  integrity sha512-KfRL3PuHmqQLOG+2tGpRO26Ctg+Cq1E01D2DMriKEATHgWLfeNDmq9e29Q9WIky0dQ3NPkd1mzYH8Lm936Z9qw==

"@types/react-dom@^17.0.0":
  version "17.0.0"
  resolved "https://registry.yarnpkg.com/@types/react-dom/-/react-dom-17.0.0.tgz#b3b691eb956c4b3401777ee67b900cb28415d95a"
  integrity sha512-lUqY7OlkF/RbNtD5nIq7ot8NquXrdFrjSOR6+w9a9RFQevGi1oZO1dcJbXMeONAPKtZ2UrZOEJ5UOCVsxbLk/g==
  dependencies:
    "@types/react" "*"

"@types/react@*", "@types/react@^17.0.0":
  version "17.0.0"
  resolved "https://registry.yarnpkg.com/@types/react/-/react-17.0.0.tgz#5af3eb7fad2807092f0046a1302b7823e27919b8"
  integrity sha512-aj/L7RIMsRlWML3YB6KZiXB3fV2t41+5RBGYF8z+tAKU43Px8C3cYUZsDvf1/+Bm4FK21QWBrDutu8ZJ/70qOw==
  dependencies:
    "@types/prop-types" "*"
    csstype "^3.0.2"

"@vitejs/plugin-react-refresh@^1.1.0":
  version "1.1.3"
  resolved "https://registry.yarnpkg.com/@vitejs/plugin-react-refresh/-/plugin-react-refresh-1.1.3.tgz#75d24b1877d2bbe60911aac41bb43bf94f9c7814"
  integrity sha512-xY1VqI4/F59pd8vkMMWuz4GIqk2J4BEy8DGb+ryOOeKidewBRPsLc8PTURTHiFqqU0rVB8TrsA/kTIZscwLLVg==
  dependencies:
    "@babel/core" "^7.12.10"
    "@babel/plugin-syntax-import-meta" "^7.10.4"
    react-refresh "^0.9.0"

ansi-styles@^3.2.1:
  version "3.2.1"
  resolved "https://registry.yarnpkg.com/ansi-styles/-/ansi-styles-3.2.1.tgz#41fbb20243e50b12be0f04b8dedbf07520ce841d"
  integrity sha512-VT0ZI6kZRdTh8YyJw3SMbYm/u+NqfsAxEpWO0Pf9sq8/e94WxxOpPKx9FR1FlyCtOVDNOQ+8ntlqFxiRc+r5qA==
  dependencies:
    color-convert "^1.9.0"

anymatch@~3.1.1:
  version "3.1.1"
  resolved "https://registry.yarnpkg.com/anymatch/-/anymatch-3.1.1.tgz#c55ecf02185e2469259399310c173ce31233b142"
  integrity sha512-mM8522psRCqzV+6LhomX5wgp25YVibjh8Wj23I5RPkPppSVSjyKD2A2mBJmWGa+KN7f2D6LNh9jkBCeyLktzjg==
  dependencies:
    normalize-path "^3.0.0"
    picomatch "^2.0.4"

binary-extensions@^2.0.0:
  version "2.2.0"
  resolved "https://registry.yarnpkg.com/binary-extensions/-/binary-extensions-2.2.0.tgz#75f502eeaf9ffde42fc98829645be4ea76bd9e2d"
  integrity sha512-jDctJ/IVQbZoJykoeHbhXpOlNBqGNcwXJKJog42E5HDPUwQTSdjCHdihjj0DlnheQ7blbT6dHOafNAiS8ooQKA==

braces@~3.0.2:
  version "3.0.2"
  resolved "https://registry.yarnpkg.com/braces/-/braces-3.0.2.tgz#3454e1a462ee8d599e236df336cd9ea4f8afe107"
  integrity sha512-b8um+L1RzM3WDSzvhm6gIz1yfTbBt6YTlcEKAvsmqCZZFw46z626lVj9j1yEPW33H5H+lBQpZMP1k8l+78Ha0A==
  dependencies:
    fill-range "^7.0.1"

chalk@^2.0.0:
  version "2.4.2"
  resolved "https://registry.yarnpkg.com/chalk/-/chalk-2.4.2.tgz#cd42541677a54333cf541a49108c1432b44c9424"
  integrity sha512-Mti+f9lpJNcwF4tWV8/OrTTtF1gZi+f8FqlyAdouralcFWFQWF2+NgCHShjkCb+IFBLq9buZwE1xckQU4peSuQ==
  dependencies:
    ansi-styles "^3.2.1"
    escape-string-regexp "^1.0.5"
    supports-color "^5.3.0"

"chokidar@>=2.0.0 <4.0.0":
  version "3.5.1"
  resolved "https://registry.yarnpkg.com/chokidar/-/chokidar-3.5.1.tgz#ee9ce7bbebd2b79f49f304799d5468e31e14e68a"
  integrity sha512-9+s+Od+W0VJJzawDma/gvBNQqkTiqYTWLuZoyAsivsI4AaWTCzHG06/TMjsf1cYe9Cb97UCEhjz7HvnPk2p/tw==
  dependencies:
    anymatch "~3.1.1"
    braces "~3.0.2"
    glob-parent "~5.1.0"
    is-binary-path "~2.1.0"
    is-glob "~4.0.1"
    normalize-path "~3.0.0"
    readdirp "~3.5.0"
  optionalDependencies:
    fsevents "~2.3.1"

color-convert@^1.9.0:
  version "1.9.3"
  resolved "https://registry.yarnpkg.com/color-convert/-/color-convert-1.9.3.tgz#bb71850690e1f136567de629d2d5471deda4c1e8"
  integrity sha512-QfAUtd+vFdAtFQcC8CCyYt1fYWxSqAiK2cSD6zDB8N3cpsEBAvRxp9zOGg6G/SHHJYAT88/az/IuDGALsNVbGg==
  dependencies:
    color-name "1.1.3"

color-name@1.1.3:
  version "1.1.3"
  resolved "https://registry.yarnpkg.com/color-name/-/color-name-1.1.3.tgz#a7d0558bd89c42f795dd42328f740831ca53bc25"
  integrity sha1-p9BVi9icQveV3UIyj3QIMcpTvCU=

colorette@^1.2.1:
  version "1.2.1"
  resolved "https://registry.yarnpkg.com/colorette/-/colorette-1.2.1.tgz#4d0b921325c14faf92633086a536db6e89564b1b"
  integrity sha512-puCDz0CzydiSYOrnXpz/PKd69zRrribezjtE9yd4zvytoRc8+RY/KJPvtPFKZS3E3wP6neGyMe0vOTlHO5L3Pw==

convert-source-map@^1.7.0:
  version "1.7.0"
  resolved "https://registry.yarnpkg.com/convert-source-map/-/convert-source-map-1.7.0.tgz#17a2cb882d7f77d3490585e2ce6c524424a3a442"
  integrity sha512-4FJkXzKXEDB1snCFZlLP4gpC3JILicCpGbzG9f9G7tGqGCzETQ2hWPrcinA9oU4wtf2biUaEH5065UnMeR33oA==
  dependencies:
    safe-buffer "~5.1.1"

csstype@^3.0.2:
  version "3.0.6"
  resolved "https://registry.yarnpkg.com/csstype/-/csstype-3.0.6.tgz#865d0b5833d7d8d40f4e5b8a6d76aea3de4725ef"
  integrity sha512-+ZAmfyWMT7TiIlzdqJgjMb7S4f1beorDbWbsocyK4RaiqA5RTX3K14bnBWmmA9QEM0gRdsjyyrEmcyga8Zsxmw==

debug@^4.1.0:
  version "4.3.1"
  resolved "https://registry.yarnpkg.com/debug/-/debug-4.3.1.tgz#f0d229c505e0c6d8c49ac553d1b13dc183f6b2ee"
  integrity sha512-doEwdvm4PCeK4K3RQN2ZC2BYUBaxwLARCqZmMjtF8a51J2Rb0xpVloFRnCODwqjpwnAoao4pelN8l3RJdv3gRQ==
  dependencies:
    ms "2.1.2"

earcut@^2.1.5:
  version "2.2.2"
  resolved "https://registry.yarnpkg.com/earcut/-/earcut-2.2.2.tgz#41b0bc35f63e0fe80da7cddff28511e7e2e80d11"
  integrity sha512-eZoZPPJcUHnfRZ0PjLvx2qBordSiO8ofC3vt+qACLM95u+4DovnbYNpQtJh0DNsWj8RnxrQytD4WA8gj5cRIaQ==

es6-promise-polyfill@^1.2.0:
  version "1.2.0"
  resolved "https://registry.yarnpkg.com/es6-promise-polyfill/-/es6-promise-polyfill-1.2.0.tgz#f38925f23cb3e3e8ce6cda8ff774fcebbb090cde"
  integrity sha1-84kl8jyz4+jObNqP93T867sJDN4=

esbuild@^0.8.34:
  version "0.8.39"
  resolved "https://registry.yarnpkg.com/esbuild/-/esbuild-0.8.39.tgz#18b84a3d56173c55ee8f45bc6c7b5374b0a98ecb"
  integrity sha512-/do5H74a5ChyeKRWfkDh3EpICXpsz6dWTtFFbotb7BlIHvWqnRrZYDb8IBubOHdEtKzuiksilRO19aBtp3/HHQ==

escape-string-regexp@^1.0.5:
  version "1.0.5"
  resolved "https://registry.yarnpkg.com/escape-string-regexp/-/escape-string-regexp-1.0.5.tgz#1b61c0562190a8dff6ae3bb2cf0200ca130b86d4"
  integrity sha1-G2HAViGQqN/2rjuyzwIAyhMLhtQ=

eventemitter3@^3.1.0:
  version "3.1.2"
  resolved "https://registry.yarnpkg.com/eventemitter3/-/eventemitter3-3.1.2.tgz#2d3d48f9c346698fce83a85d7d664e98535df6e7"
  integrity sha512-tvtQIeLVHjDkJYnzf2dgVMxfuSGJeM/7UCG17TT4EumTfNtF+0nebF/4zWOIkCreAbtNqhGEboB6BWrwqNaw4Q==

fill-range@^7.0.1:
  version "7.0.1"
  resolved "https://registry.yarnpkg.com/fill-range/-/fill-range-7.0.1.tgz#1919a6a7c75fe38b2c7c77e5198535da9acdda40"
  integrity sha512-qOo9F+dMUmC2Lcb4BbVvnKJxTPjCm+RRpe4gDuGrzkL7mEVl/djYSu2OdQ2Pa302N4oqkSg9ir6jaLWJ2USVpQ==
  dependencies:
    to-regex-range "^5.0.1"

fsevents@~2.1.2:
  version "2.1.3"
  resolved "https://registry.yarnpkg.com/fsevents/-/fsevents-2.1.3.tgz#fb738703ae8d2f9fe900c33836ddebee8b97f23e"
  integrity sha512-Auw9a4AxqWpa9GUfj370BMPzzyncfBABW8Mab7BGWBYDj4Isgq+cDKtx0i6u9jcX9pQDnswsaaOTgTmA5pEjuQ==

fsevents@~2.3.1:
  version "2.3.1"
  resolved "https://registry.yarnpkg.com/fsevents/-/fsevents-2.3.1.tgz#b209ab14c61012636c8863507edf7fb68cc54e9f"
  integrity sha512-YR47Eg4hChJGAB1O3yEAOkGO+rlzutoICGqGo9EZ4lKWokzZRSyIW1QmTzqjtw8MJdj9srP869CuWw/hyzSiBw==

function-bind@^1.1.1:
  version "1.1.1"
  resolved "https://registry.yarnpkg.com/function-bind/-/function-bind-1.1.1.tgz#a56899d3ea3c9bab874bb9773b7c5ede92f4895d"
  integrity sha512-yIovAzMX49sF8Yl58fSCWJ5svSLuaibPxXQJFLmBObTuCr0Mf1KiPopGM9NiFjiYBCbfaa2Fh6breQ6ANVTI0A==

gensync@^1.0.0-beta.1:
  version "1.0.0-beta.2"
  resolved "https://registry.yarnpkg.com/gensync/-/gensync-1.0.0-beta.2.tgz#32a6ee76c3d7f52d46b2b1ae5d93fea8580a25e0"
  integrity sha512-3hN7NaskYvMDLQY55gnW3NQ+mesEAepTqlg+VEbj7zzqEMBVNhzcGYYeqFo/TlYz6eQiFcp1HcsCZO+nGgS8zg==

glob-parent@~5.1.0:
  version "5.1.1"
  resolved "https://registry.yarnpkg.com/glob-parent/-/glob-parent-5.1.1.tgz#b6c1ef417c4e5663ea498f1c45afac6916bbc229"
  integrity sha512-FnI+VGOpnlGHWZxthPGR+QhR78fuiK0sNLkHQv+bL9fQi57lNNdquIbna/WrfROrolq8GK5Ek6BiMwqL/voRYQ==
  dependencies:
    is-glob "^4.0.1"

globals@^11.1.0:
  version "11.12.0"
  resolved "https://registry.yarnpkg.com/globals/-/globals-11.12.0.tgz#ab8795338868a0babd8525758018c2a7eb95c42e"
  integrity sha512-WOBp/EEGUiIsJSp7wcv/y6MO+lV9UoncWqxuFfm8eBwzWNgyfBd6Gz+IeKQ9jCmyhoH99g15M3T+QaVHFjizVA==

has-flag@^3.0.0:
  version "3.0.0"
  resolved "https://registry.yarnpkg.com/has-flag/-/has-flag-3.0.0.tgz#b5d454dc2199ae225699f3467e5a07f3b955bafd"
  integrity sha1-tdRU3CGZriJWmfNGfloH87lVuv0=

has@^1.0.3:
  version "1.0.3"
  resolved "https://registry.yarnpkg.com/has/-/has-1.0.3.tgz#722d7cbfc1f6aa8241f16dd814e011e1f41e8796"
  integrity sha512-f2dvO0VU6Oej7RkWJGrehjbzMAjFp5/VKPp5tTpWIV4JHHZK1/BxbFRtf/siA2SWTe09caDmVtYYzWEIbBS4zw==
  dependencies:
    function-bind "^1.1.1"

is-binary-path@~2.1.0:
  version "2.1.0"
  resolved "https://registry.yarnpkg.com/is-binary-path/-/is-binary-path-2.1.0.tgz#ea1f7f3b80f064236e83470f86c09c254fb45b09"
  integrity sha512-ZMERYes6pDydyuGidse7OsHxtbI7WVeUEozgR/g7rd0xUimYNlvZRE/K2MgZTjWy725IfelLeVcEM97mmtRGXw==
  dependencies:
    binary-extensions "^2.0.0"

is-core-module@^2.1.0:
  version "2.2.0"
  resolved "https://registry.yarnpkg.com/is-core-module/-/is-core-module-2.2.0.tgz#97037ef3d52224d85163f5597b2b63d9afed981a"
  integrity sha512-XRAfAdyyY5F5cOXn7hYQDqh2Xmii+DEfIcQGxK/uNwMHhIkPWO0g8msXcbzLe+MpGoR951MlqM/2iIlU4vKDdQ==
  dependencies:
    has "^1.0.3"

is-extglob@^2.1.1:
  version "2.1.1"
  resolved "https://registry.yarnpkg.com/is-extglob/-/is-extglob-2.1.1.tgz#a88c02535791f02ed37c76a1b9ea9773c833f8c2"
  integrity sha1-qIwCU1eR8C7TfHahueqXc8gz+MI=

is-glob@^4.0.1, is-glob@~4.0.1:
  version "4.0.1"
  resolved "https://registry.yarnpkg.com/is-glob/-/is-glob-4.0.1.tgz#7567dbe9f2f5e2467bc77ab83c4a29482407a5dc"
  integrity sha512-5G0tKtBTFImOqDnLB2hG6Bp2qcKEFduo4tZu9MT/H6NQv/ghhy30o55ufafxJ/LdH79LLs2Kfrn85TLKyA7BUg==
  dependencies:
    is-extglob "^2.1.1"

is-number@^7.0.0:
  version "7.0.0"
  resolved "https://registry.yarnpkg.com/is-number/-/is-number-7.0.0.tgz#7535345b896734d5f80c4d06c50955527a14f12b"
  integrity sha512-41Cifkg6e8TylSpdtTpeLVMqvSBEVzTttHvERD741+pnZ8ANv0004MRL43QKPDlK9cGvNp6NZWZUBlbGXYxxng==

ismobilejs@^1.1.0:
  version "1.1.1"
  resolved "https://registry.yarnpkg.com/ismobilejs/-/ismobilejs-1.1.1.tgz#c56ca0ae8e52b24ca0f22ba5ef3215a2ddbbaa0e"
  integrity sha512-VaFW53yt8QO61k2WJui0dHf4SlL8lxBofUuUmwBo0ljPk0Drz2TiuDW4jo3wDcv41qy/SxrJ+VAzJ/qYqsmzRw==

"js-tokens@^3.0.0 || ^4.0.0", js-tokens@^4.0.0:
  version "4.0.0"
  resolved "https://registry.yarnpkg.com/js-tokens/-/js-tokens-4.0.0.tgz#19203fb59991df98e3a287050d4647cdeaf32499"
  integrity sha512-RdJUflcE3cUzKiMqQgsCu06FPu9UdIJO0beYbPhHN4k6apgJtifcoCtT9bcxOpYBtpD2kCM6Sbzg4CausW/PKQ==

jsesc@^2.5.1:
  version "2.5.2"
  resolved "https://registry.yarnpkg.com/jsesc/-/jsesc-2.5.2.tgz#80564d2e483dacf6e8ef209650a67df3f0c283a4"
  integrity sha512-OYu7XEzjkCQ3C5Ps3QIZsQfNpqoJyZZA99wd9aWd05NCtC5pWOkShK2mkL6HXQR6/Cy2lbNdPlZBpuQHXE63gA==

json5@^2.1.2:
  version "2.2.0"
  resolved "https://registry.yarnpkg.com/json5/-/json5-2.2.0.tgz#2dfefe720c6ba525d9ebd909950f0515316c89a3"
  integrity sha512-f+8cldu7X/y7RAJurMEJmdoKXGB/X550w2Nr3tTbezL6RwEE/iMcm+tZnXeoZtKuOq6ft8+CqzEkrIgx1fPoQA==
  dependencies:
    minimist "^1.2.5"

lodash@^4.17.19:
  version "4.17.20"
  resolved "https://registry.yarnpkg.com/lodash/-/lodash-4.17.20.tgz#b44a9b6297bcb698f1c51a3545a2b3b368d59c52"
  integrity sha512-PlhdFcillOINfeV7Ni6oF1TAEayyZBoZ8bcshTHqOYJYlrqzRK5hagpagky5o4HfCzzd1TRkXPMFq6cKk9rGmA==

loose-envify@^1.1.0:
  version "1.4.0"
  resolved "https://registry.yarnpkg.com/loose-envify/-/loose-envify-1.4.0.tgz#71ee51fa7be4caec1a63839f7e682d8132d30caf"
  integrity sha512-lyuxPGr/Wfhrlem2CL/UcnUc1zcqKAImBDzukY7Y5F/yQiNdko6+fRLevlw1HgMySw7f611UIY408EtxRSoK3Q==
  dependencies:
    js-tokens "^3.0.0 || ^4.0.0"

mini-signals@^1.2.0:
  version "1.2.0"
  resolved "https://registry.yarnpkg.com/mini-signals/-/mini-signals-1.2.0.tgz#45b08013c5fae51a24aa1a935cd317c9ed721d74"
  integrity sha1-RbCAE8X65RokqhqTXNMXye1yHXQ=

minimist@^1.2.5:
  version "1.2.5"
  resolved "https://registry.yarnpkg.com/minimist/-/minimist-1.2.5.tgz#67d66014b66a6a8aaa0c083c5fd58df4e4e97602"
  integrity sha512-FM9nNUYrRBAELZQT3xeZQ7fmMOBg6nWNmJKTcgsJeaLstP/UODVpGsr5OhXhhXg6f+qtJ8uiZ+PUxkDWcgIXLw==

ms@2.1.2:
  version "2.1.2"
  resolved "https://registry.yarnpkg.com/ms/-/ms-2.1.2.tgz#d09d1f357b443f493382a8eb3ccd183872ae6009"
  integrity sha512-sGkPx+VjMtmA6MX27oA4FBFELFCZZ4S4XqeGOXCv68tT+jb3vk/RyaKWP0PTKyWtmLSM0b+adUTEvbs1PEaH2w==

nanoid@^3.1.20:
  version "3.1.20"
  resolved "https://registry.yarnpkg.com/nanoid/-/nanoid-3.1.20.tgz#badc263c6b1dcf14b71efaa85f6ab4c1d6cfc788"
  integrity sha512-a1cQNyczgKbLX9jwbS/+d7W8fX/RfgYR7lVWwWOGIPNgK2m0MWvrGF6/m4kk6U3QcFMnZf3RIhL0v2Jgh/0Uxw==

normalize-path@^3.0.0, normalize-path@~3.0.0:
  version "3.0.0"
  resolved "https://registry.yarnpkg.com/normalize-path/-/normalize-path-3.0.0.tgz#0dcd69ff23a1c9b11fd0978316644a0388216a65"
  integrity sha512-6eZs5Ls3WtCisHWp9S2GUy8dqkpGi4BVSz3GaqiE6ezub0512ESztXUwUB6C6IKbQkY2Pnb/mD4WYojCRwcwLA==

object-assign@^4.1.1:
  version "4.1.1"
  resolved "https://registry.yarnpkg.com/object-assign/-/object-assign-4.1.1.tgz#2109adc7965887cfc05cbbd442cac8bfbb360863"
  integrity sha1-IQmtx5ZYh8/AXLvUQsrIv7s2CGM=

parse-uri@^1.0.0:
  version "1.0.3"
  resolved "https://registry.yarnpkg.com/parse-uri/-/parse-uri-1.0.3.tgz#f3c24a74907a4e357c1741e96ca9faadecfd6db5"
  integrity sha512-upMnGxNcm+45So85HoguwZTVZI9u11i36DdxJfGF2HYWS2eh3TIx7+/tTi7qrEq15qzGkVhsKjesau+kCk48pA==

path-parse@^1.0.6:
  version "1.0.6"
  resolved "https://registry.yarnpkg.com/path-parse/-/path-parse-1.0.6.tgz#d62dbb5679405d72c4737ec58600e9ddcf06d24c"
  integrity sha512-GSmOT2EbHrINBf9SR7CDELwlJ8AENk3Qn7OikK4nFYAu3Ote2+JYNVvkpAEQm3/TLNEJFD/xZJjzyxg3KBWOzw==

picomatch@^2.0.4, picomatch@^2.2.1:
  version "2.2.2"
  resolved "https://registry.yarnpkg.com/picomatch/-/picomatch-2.2.2.tgz#21f333e9b6b8eaff02468f5146ea406d345f4dad"
  integrity sha512-q0M/9eZHzmr0AulXyPwNfZjtwZ/RBZlbN3K3CErVrk50T2ASYI7Bye0EvekFY3IP1Nt2DHu0re+V2ZHIpMkuWg==

pixi.js@^5.3.7:
  version "5.3.7"
  resolved "https://registry.yarnpkg.com/pixi.js/-/pixi.js-5.3.7.tgz#d295076cdb631a0578ee5976d9da195087b6a50e"
  integrity sha512-DyFTn6sHB6njtBd879OCx7UZpt8dpVtOSNuLAdVaWZ2GhAFsTY59n07Ol0f+zx07QtpCmSt1P3pXGHjt9sPzbw==
  dependencies:
    "@pixi/accessibility" "5.3.7"
    "@pixi/app" "5.3.7"
    "@pixi/constants" "5.3.7"
    "@pixi/core" "5.3.7"
    "@pixi/display" "5.3.7"
    "@pixi/extract" "5.3.7"
    "@pixi/filter-alpha" "5.3.7"
    "@pixi/filter-blur" "5.3.7"
    "@pixi/filter-color-matrix" "5.3.7"
    "@pixi/filter-displacement" "5.3.7"
    "@pixi/filter-fxaa" "5.3.7"
    "@pixi/filter-noise" "5.3.7"
    "@pixi/graphics" "5.3.7"
    "@pixi/interaction" "5.3.7"
    "@pixi/loaders" "5.3.7"
    "@pixi/math" "5.3.7"
    "@pixi/mesh" "5.3.7"
    "@pixi/mesh-extras" "5.3.7"
    "@pixi/mixin-cache-as-bitmap" "5.3.7"
    "@pixi/mixin-get-child-by-name" "5.3.7"
    "@pixi/mixin-get-global-position" "5.3.7"
    "@pixi/particles" "5.3.7"
    "@pixi/polyfill" "5.3.7"
    "@pixi/prepare" "5.3.7"
    "@pixi/runner" "5.3.7"
    "@pixi/settings" "5.3.7"
    "@pixi/sprite" "5.3.7"
    "@pixi/sprite-animated" "5.3.7"
    "@pixi/sprite-tiling" "5.3.7"
    "@pixi/spritesheet" "5.3.7"
    "@pixi/text" "5.3.7"
    "@pixi/text-bitmap" "5.3.7"
    "@pixi/ticker" "5.3.7"
    "@pixi/utils" "5.3.7"

postcss@^8.2.1:
  version "8.2.4"
  resolved "https://registry.yarnpkg.com/postcss/-/postcss-8.2.4.tgz#20a98a39cf303d15129c2865a9ec37eda0031d04"
  integrity sha512-kRFftRoExRVXZlwUuay9iC824qmXPcQQVzAjbCCgjpXnkdMCJYBu2gTwAaFBzv8ewND6O8xFb3aELmEkh9zTzg==
  dependencies:
    colorette "^1.2.1"
    nanoid "^3.1.20"
    source-map "^0.6.1"

prettier@^2.2.1:
  version "2.2.1"
  resolved "https://registry.yarnpkg.com/prettier/-/prettier-2.2.1.tgz#795a1a78dd52f073da0cd42b21f9c91381923ff5"
  integrity sha512-PqyhM2yCjg/oKkFPtTGUojv7gnZAoG80ttl45O6x2Ug/rMJw4wcc9k6aaf2hibP7BGVCCM33gZoGjyvt9mm16Q==

punycode@1.3.2:
  version "1.3.2"
  resolved "https://registry.yarnpkg.com/punycode/-/punycode-1.3.2.tgz#9653a036fb7c1ee42342f2325cceefea3926c48d"
  integrity sha1-llOgNvt8HuQjQvIyXM7v6jkmxI0=

querystring@0.2.0:
  version "0.2.0"
  resolved "https://registry.yarnpkg.com/querystring/-/querystring-0.2.0.tgz#b209849203bb25df820da756e747005878521620"
  integrity sha1-sgmEkgO7Jd+CDadW50cAWHhSFiA=

react-dom@^17.0.0:
  version "17.0.1"
  resolved "https://registry.yarnpkg.com/react-dom/-/react-dom-17.0.1.tgz#1de2560474ec9f0e334285662ede52dbc5426fc6"
  integrity sha512-6eV150oJZ9U2t9svnsspTMrWNyHc6chX0KzDeAOXftRa8bNeOKTTfCJ7KorIwenkHd2xqVTBTCZd79yk/lx/Ug==
  dependencies:
    loose-envify "^1.1.0"
    object-assign "^4.1.1"
    scheduler "^0.20.1"

react-refresh@^0.9.0:
  version "0.9.0"
  resolved "https://registry.yarnpkg.com/react-refresh/-/react-refresh-0.9.0.tgz#71863337adc3e5c2f8a6bfddd12ae3bfe32aafbf"
  integrity sha512-Gvzk7OZpiqKSkxsQvO/mbTN1poglhmAV7gR/DdIrRrSMXraRQQlfikRJOr3Nb9GTMPC5kof948Zy6jJZIFtDvQ==

react@^17.0.0:
  version "17.0.1"
  resolved "https://registry.yarnpkg.com/react/-/react-17.0.1.tgz#6e0600416bd57574e3f86d92edba3d9008726127"
  integrity sha512-lG9c9UuMHdcAexXtigOZLX8exLWkW0Ku29qPRU8uhF2R9BN96dLCt0psvzPLlHc5OWkgymP3qwTRgbnw5BKx3w==
  dependencies:
    loose-envify "^1.1.0"
    object-assign "^4.1.1"

readdirp@~3.5.0:
  version "3.5.0"
  resolved "https://registry.yarnpkg.com/readdirp/-/readdirp-3.5.0.tgz#9ba74c019b15d365278d2e91bb8c48d7b4d42c9e"
  integrity sha512-cMhu7c/8rdhkHXWsY+osBhfSy0JikwpHK/5+imo+LpeasTF8ouErHrlYkwT0++njiyuDvc7OFY5T3ukvZ8qmFQ==
  dependencies:
    picomatch "^2.2.1"

resolve@^1.19.0:
  version "1.19.0"
  resolved "https://registry.yarnpkg.com/resolve/-/resolve-1.19.0.tgz#1af5bf630409734a067cae29318aac7fa29a267c"
  integrity sha512-rArEXAgsBG4UgRGcynxWIWKFvh/XZCcS8UJdHhwy91zwAvCZIbcs+vAbflgBnNjYMs/i/i+/Ux6IZhML1yPvxg==
  dependencies:
    is-core-module "^2.1.0"
    path-parse "^1.0.6"

resource-loader@^3.0.1:
  version "3.0.1"
  resolved "https://registry.yarnpkg.com/resource-loader/-/resource-loader-3.0.1.tgz#33355bb5421e2994f59454bbc7f6dbff8df06d47"
  integrity sha512-fBuCRbEHdLCI1eglzQhUv9Rrdcmqkydr1r6uHE2cYHvRBrcLXeSmbE/qI/urFt8rPr/IGxir3BUwM5kUK8XoyA==
  dependencies:
    mini-signals "^1.2.0"
    parse-uri "^1.0.0"

rollup@^2.35.1:
  version "2.38.3"
  resolved "https://registry.yarnpkg.com/rollup/-/rollup-2.38.3.tgz#2a0b6cc6eab1da4431aab875a31a401fa2988c10"
  integrity sha512-FVx/XzR2DtCozKNDBjHJCHIgkC12rNg/ruAeoYWjLeeKfSKgwhh+lDLDhuCkuRG/fsup8py8dKBTlHdvUFX32A==
  optionalDependencies:
    fsevents "~2.3.1"

safe-buffer@~5.1.1:
  version "5.1.2"
  resolved "https://registry.yarnpkg.com/safe-buffer/-/safe-buffer-5.1.2.tgz#991ec69d296e0313747d59bdfd2b745c35f8828d"
  integrity sha512-Gd2UZBJDkXlY7GbJxfsE8/nvKkUEU1G38c1siN6QP6a9PT9MmHB8GnpscSmMJSoF8LOIrt8ud/wPtojys4G6+g==

sass@^1.32.5:
  version "1.32.5"
  resolved "https://registry.yarnpkg.com/sass/-/sass-1.32.5.tgz#2882d22ad5748c05fa9bff6c3b0ffbc4f4b9e1dc"
  integrity sha512-kU1yJ5zUAmPxr7f3q0YXTAd1oZjSR1g3tYyv+xu0HZSl5JiNOaE987eiz7wCUvbm4I9fGWGU2TgApTtcP4GMNQ==
  dependencies:
    chokidar ">=2.0.0 <4.0.0"

scheduler@^0.20.1:
  version "0.20.1"
  resolved "https://registry.yarnpkg.com/scheduler/-/scheduler-0.20.1.tgz#da0b907e24026b01181ecbc75efdc7f27b5a000c"
  integrity sha512-LKTe+2xNJBNxu/QhHvDR14wUXHRQbVY5ZOYpOGWRzhydZUqrLb2JBvLPY7cAqFmqrWuDED0Mjk7013SZiOz6Bw==
  dependencies:
    loose-envify "^1.1.0"
    object-assign "^4.1.1"

semver@^5.4.1:
  version "5.7.1"
  resolved "https://registry.yarnpkg.com/semver/-/semver-5.7.1.tgz#a954f931aeba508d307bbf069eff0c01c96116f7"
  integrity sha512-sauaDf/PZdVgrLTNYHRtpXa1iRiKcaebiKQ1BJdpQlWH2lCvexQdX55snPFyK7QzpudqbCI0qXFfOasHdyNDGQ==

source-map@^0.5.0:
  version "0.5.7"
  resolved "https://registry.yarnpkg.com/source-map/-/source-map-0.5.7.tgz#8a039d2d1021d22d1ea14c80d8ea468ba2ef3fcc"
  integrity sha1-igOdLRAh0i0eoUyA2OpGi6LvP8w=

source-map@^0.6.1:
  version "0.6.1"
  resolved "https://registry.yarnpkg.com/source-map/-/source-map-0.6.1.tgz#74722af32e9614e9c287a8d0bbde48b5e2f1a263"
  integrity sha512-UjgapumWlbMhkBgzT7Ykc5YXUT46F0iKu8SGXq0bcwP5dz/h0Plj6enJqjz1Zbq2l5WaqYnrVbwWOWMyF3F47g==

supports-color@^5.3.0:
  version "5.5.0"
  resolved "https://registry.yarnpkg.com/supports-color/-/supports-color-5.5.0.tgz#e2e69a44ac8772f78a1ec0b35b689df6530efc8f"
  integrity sha512-QjVjwdXIt408MIiAqCX4oUKsgU2EqAGzs2Ppkm4aQYbjm+ZEWEcW4SfFNTr4uMNZma0ey4f5lgLrkB0aX0QMow==
  dependencies:
    has-flag "^3.0.0"

to-fast-properties@^2.0.0:
  version "2.0.0"
  resolved "https://registry.yarnpkg.com/to-fast-properties/-/to-fast-properties-2.0.0.tgz#dc5e698cbd079265bc73e0377681a4e4e83f616e"
  integrity sha1-3F5pjL0HkmW8c+A3doGk5Og/YW4=

to-regex-range@^5.0.1:
  version "5.0.1"
  resolved "https://registry.yarnpkg.com/to-regex-range/-/to-regex-range-5.0.1.tgz#1648c44aae7c8d988a326018ed72f5b4dd0392e4"
  integrity sha512-65P7iz6X5yEr1cwcgvQxbbIw7Uk3gOy5dIdtZ4rDveLqhrdJP+Li/Hx6tyK0NEb+2GCyneCMJiGqrADCSNk8sQ==
  dependencies:
    is-number "^7.0.0"

typescript@^4.1.2:
  version "4.1.3"
  resolved "https://registry.yarnpkg.com/typescript/-/typescript-4.1.3.tgz#519d582bd94cba0cf8934c7d8e8467e473f53bb7"
  integrity sha512-B3ZIOf1IKeH2ixgHhj6la6xdwR9QrLC5d1VKeCSY4tvkqhF2eqd9O7txNlS0PO3GrBAFIdr3L1ndNwteUbZLYg==

url@^0.11.0:
  version "0.11.0"
  resolved "https://registry.yarnpkg.com/url/-/url-0.11.0.tgz#3838e97cfc60521eb73c525a8e55bfdd9e2e28f1"
  integrity sha1-ODjpfPxgUh63PFJajlW/3Z4uKPE=
  dependencies:
    punycode "1.3.2"
    querystring "0.2.0"

vite@^2.0.0-beta.60:
  version "2.0.0-beta.60"
  resolved "https://registry.yarnpkg.com/vite/-/vite-2.0.0-beta.60.tgz#160d69968f29d05e0a4a22a6cc690d997fd793ea"
  integrity sha512-B3qaJrSp0pbgjv2ROA7/0KRgJFs+QhH43OTo6Hau/dGopKotZFuE04FBRCjJ3+h0ePEH4DUG7+e2tUUgkywb0A==
  dependencies:
    esbuild "^0.8.34"
    postcss "^8.2.1"
    resolve "^1.19.0"
    rollup "^2.35.1"
  optionalDependencies:
    fsevents "~2.1.2"

wouter@^2.7.3:
  version "2.7.3"
  resolved "https://registry.yarnpkg.com/wouter/-/wouter-2.7.3.tgz#2f9120458b4ec25546f7b96e13d8bbf5d1cc6cd9"
  integrity sha512-xUiel4/AImfAj1ZK4MKB3i3GeQ1vZyC0vqub8lHrC18c2NIKyH/h0myAoxguv3UVHKNR8y/4MyRc4vIxiUNcYQ==
